
Microsoft Visual Studio Solution File, Format Version 12.00
# Visual Studio Version 17
VisualStudioVersion = 17.11.35219.272
MinimumVisualStudioVersion = 10.0.40219.1
Project("{FAE04EC0-301F-11D3-BF4B-00C04F79EFBC}") = "DBTableManager", "DBTableManager\DBTableManager.csproj", "{CAB0600F-7752-410F-A930-283BDDA77E10}"
EndProject
Global
	GlobalSection(SolutionConfigurationPlatforms) = preSolution
		Debug|Any CPU = Debug|Any CPU
		Release|Any CPU = Release|Any CPU
	EndGlobalSection
	GlobalSection(ProjectConfigurationPlatforms) = postSolution
		{CAB0600F-7752-410F-A930-283BDDA77E10}.Debug|Any CPU.ActiveCfg = Debug|Any CPU
		{CAB0600F-7752-410F-A930-283BDDA77E10}.Debug|Any CPU.Build.0 = Debug|Any CPU
		{CAB0600F-7752-410F-A930-283BDDA77E10}.Release|Any CPU.ActiveCfg = Release|Any CPU
		{CAB0600F-7752-410F-A930-283BDDA77E10}.Release|Any CPU.Build.0 = Release|Any CPU
	EndGlobalSection
	GlobalSection(SolutionProperties) = preSolution
		HideSolutionNode = FALSE
	EndGlobalSection
	GlobalSection(ExtensibilityGlobals) = postSolution
		SolutionGuid = {2BAD643A-6455-4C04-ACD2-1C2054BFCBE8}
	EndGlobalSection
EndGlobal
